
Microsoft Visual Studio Solution File, Format Version 12.00
# Visual Studio Version 17
VisualStudioVersion = 17.8.34408.163
MinimumVisualStudioVersion = 10.0.40219.1
Project("{FAE04EC0-301F-11D3-BF4B-00C04F79EFBC}") = "PortfolioApp.Android", "PortfolioApp\PortfolioApp.Android\PortfolioApp.Android.csproj", "{462E1A2C-9F9B-450B-80E1-8D5B7DA6122A}"
EndProject
Project("{FAE04EC0-301F-11D3-BF4B-00C04F79EFBC}") = "PortfolioApp.iOS", "PortfolioApp\PortfolioApp.iOS\PortfolioApp.iOS.csproj", "{6129EBA9-711E-492A-985F-B8AC3CBB89AD}"
EndProject
Project("{FAE04EC0-301F-11D3-BF4B-00C04F79EFBC}") = "PortfolioApp", "PortfolioApp\PortfolioApp\PortfolioApp.csproj", "{6172C9B1-89BF-41DB-9548-746F21888322}"
EndProject
Global
	GlobalSection(SolutionConfigurationPlatforms) = preSolution
		Debug|Any CPU = Debug|Any CPU
		Debug|iPhone = Debug|iPhone
		Debug|iPhoneSimulator = Debug|iPhoneSimulator
		Release|Any CPU = Release|Any CPU
		Release|iPhone = Release|iPhone
		Release|iPhoneSimulator = Release|iPhoneSimulator
	EndGlobalSection
	GlobalSection(ProjectConfigurationPlatforms) = postSolution
		{462E1A2C-9F9B-450B-80E1-8D5B7DA6122A}.Debug|Any CPU.ActiveCfg = Debug|Any CPU
		{462E1A2C-9F9B-450B-80E1-8D5B7DA6122A}.Debug|Any CPU.Build.0 = Debug|Any CPU
		{462E1A2C-9F9B-450B-80E1-8D5B7DA6122A}.Debug|Any CPU.Deploy.0 = Debug|Any CPU
		{462E1A2C-9F9B-450B-80E1-8D5B7DA6122A}.Debug|iPhone.ActiveCfg = Debug|Any CPU
		{462E1A2C-9F9B-450B-80E1-8D5B7DA6122A}.Debug|iPhone.Build.0 = Debug|Any CPU
		{462E1A2C-9F9B-450B-80E1-8D5B7DA6122A}.Debug|iPhone.Deploy.0 = Debug|Any CPU
		{462E1A2C-9F9B-450B-80E1-8D5B7DA6122A}.Debug|iPhoneSimulator.ActiveCfg = Debug|Any CPU
		{462E1A2C-9F9B-450B-80E1-8D5B7DA6122A}.Debug|iPhoneSimulator.Build.0 = Debug|Any CPU
		{462E1A2C-9F9B-450B-80E1-8D5B7DA6122A}.Debug|iPhoneSimulator.Deploy.0 = Debug|Any CPU
		{462E1A2C-9F9B-450B-80E1-8D5B7DA6122A}.Release|Any CPU.ActiveCfg = Release|Any CPU
		{462E1A2C-9F9B-450B-80E1-8D5B7DA6122A}.Release|Any CPU.Build.0 = Release|Any CPU
		{462E1A2C-9F9B-450B-80E1-8D5B7DA6122A}.Release|Any CPU.Deploy.0 = Release|Any CPU
		{462E1A2C-9F9B-450B-80E1-8D5B7DA6122A}.Release|iPhone.ActiveCfg = Release|Any CPU
		{462E1A2C-9F9B-450B-80E1-8D5B7DA6122A}.Release|iPhone.Build.0 = Release|Any CPU
		{462E1A2C-9F9B-450B-80E1-8D5B7DA6122A}.Release|iPhone.Deploy.0 = Release|Any CPU
		{462E1A2C-9F9B-450B-80E1-8D5B7DA6122A}.Release|iPhoneSimulator.ActiveCfg = Release|Any CPU
		{462E1A2C-9F9B-450B-80E1-8D5B7DA6122A}.Release|iPhoneSimulator.Build.0 = Release|Any CPU
		{462E1A2C-9F9B-450B-80E1-8D5B7DA6122A}.Release|iPhoneSimulator.Deploy.0 = Release|Any CPU
		{6129EBA9-711E-492A-985F-B8AC3CBB89AD}.Debug|Any CPU.ActiveCfg = Debug|iPhone
		{6129EBA9-711E-492A-985F-B8AC3CBB89AD}.Debug|Any CPU.Build.0 = Debug|iPhone
		{6129EBA9-711E-492A-985F-B8AC3CBB89AD}.Debug|Any CPU.Deploy.0 = Debug|iPhone
		{6129EBA9-711E-492A-985F-B8AC3CBB89AD}.Debug|iPhone.ActiveCfg = Debug|iPhone
		{6129EBA9-711E-492A-985F-B8AC3CBB89AD}.Debug|iPhone.Build.0 = Debug|iPhone
		{6129EBA9-711E-492A-985F-B8AC3CBB89AD}.Debug|iPhone.Deploy.0 = Debug|iPhone
		{6129EBA9-711E-492A-985F-B8AC3CBB89AD}.Debug|iPhoneSimulator.ActiveCfg = Debug|iPhoneSimulator
		{6129EBA9-711E-492A-985F-B8AC3CBB89AD}.Debug|iPhoneSimulator.Build.0 = Debug|iPhoneSimulator
		{6129EBA9-711E-492A-985F-B8AC3CBB89AD}.Debug|iPhoneSimulator.Deploy.0 = Debug|iPhoneSimulator
		{6129EBA9-711E-492A-985F-B8AC3CBB89AD}.Release|Any CPU.ActiveCfg = Release|iPhoneSimulator
		{6129EBA9-711E-492A-985F-B8AC3CBB89AD}.Release|Any CPU.Build.0 = Release|iPhoneSimulator
		{6129EBA9-711E-492A-985F-B8AC3CBB89AD}.Release|Any CPU.Deploy.0 = Release|iPhoneSimulator
		{6129EBA9-711E-492A-985F-B8AC3CBB89AD}.Release|iPhone.ActiveCfg = Release|iPhone
		{6129EBA9-711E-492A-985F-B8AC3CBB89AD}.Release|iPhone.Build.0 = Release|iPhone
		{6129EBA9-711E-492A-985F-B8AC3CBB89AD}.Release|iPhone.Deploy.0 = Release|iPhone
		{6129EBA9-711E-492A-985F-B8AC3CBB89AD}.Release|iPhoneSimulator.ActiveCfg = Release|iPhoneSimulator
		{6129EBA9-711E-492A-985F-B8AC3CBB89AD}.Release|iPhoneSimulator.Build.0 = Release|iPhoneSimulator
		{6129EBA9-711E-492A-985F-B8AC3CBB89AD}.Release|iPhoneSimulator.Deploy.0 = Release|iPhoneSimulator
		{6172C9B1-89BF-41DB-9548-746F21888322}.Debug|Any CPU.ActiveCfg = Debug|Any CPU
		{6172C9B1-89BF-41DB-9548-746F21888322}.Debug|Any CPU.Build.0 = Debug|Any CPU
		{6172C9B1-89BF-41DB-9548-746F21888322}.Debug|Any CPU.Deploy.0 = Debug|Any CPU
		{6172C9B1-89BF-41DB-9548-746F21888322}.Debug|iPhone.ActiveCfg = Debug|Any CPU
		{6172C9B1-89BF-41DB-9548-746F21888322}.Debug|iPhone.Build.0 = Debug|Any CPU
		{6172C9B1-89BF-41DB-9548-746F21888322}.Debug|iPhone.Deploy.0 = Debug|Any CPU
		{6172C9B1-89BF-41DB-9548-746F21888322}.Debug|iPhoneSimulator.ActiveCfg = Debug|Any CPU
		{6172C9B1-89BF-41DB-9548-746F21888322}.Debug|iPhoneSimulator.Build.0 = Debug|Any CPU
		{6172C9B1-89BF-41DB-9548-746F21888322}.Debug|iPhoneSimulator.Deploy.0 = Debug|Any CPU
		{6172C9B1-89BF-41DB-9548-746F21888322}.Release|Any CPU.ActiveCfg = Release|Any CPU
		{6172C9B1-89BF-41DB-9548-746F21888322}.Release|Any CPU.Build.0 = Release|Any CPU
		{6172C9B1-89BF-41DB-9548-746F21888322}.Release|Any CPU.Deploy.0 = Release|Any CPU
		{6172C9B1-89BF-41DB-9548-746F21888322}.Release|iPhone.ActiveCfg = Release|Any CPU
		{6172C9B1-89BF-41DB-9548-746F21888322}.Release|iPhone.Build.0 = Release|Any CPU
		{6172C9B1-89BF-41DB-9548-746F21888322}.Release|iPhone.Deploy.0 = Release|Any CPU
		{6172C9B1-89BF-41DB-9548-746F21888322}.Release|iPhoneSimulator.ActiveCfg = Release|Any CPU
		{6172C9B1-89BF-41DB-9548-746F21888322}.Release|iPhoneSimulator.Build.0 = Release|Any CPU
		{6172C9B1-89BF-41DB-9548-746F21888322}.Release|iPhoneSimulator.Deploy.0 = Release|Any CPU
	EndGlobalSection
	GlobalSection(SolutionProperties) = preSolution
		HideSolutionNode = FALSE
	EndGlobalSection
	GlobalSection(ExtensibilityGlobals) = postSolution
		SolutionGuid = {672E1F30-6580-458A-91FB-E85C6A4903D2}
	EndGlobalSection
EndGlobal
