
Microsoft Visual Studio Solution File, Format Version 12.00
# Visual Studio Version 17
VisualStudioVersion = 17.3.32922.545
MinimumVisualStudioVersion = 10.0.40219.1
Project("{888888A0-9F3D-457C-B088-3A5042F75D52}") = "A2_202130169", "A2_202130169\A2_202130169.pyproj", "{26BDFF94-B389-48EF-A6E1-74ED24E49894}"
EndProject
Global
	GlobalSection(SolutionConfigurationPlatforms) = preSolution
		Debug|Any CPU = Debug|Any CPU
		Release|Any CPU = Release|Any CPU
	EndGlobalSection
	GlobalSection(ProjectConfigurationPlatforms) = postSolution
		{26BDFF94-B389-48EF-A6E1-74ED24E49894}.Debug|Any CPU.ActiveCfg = Debug|Any CPU
		{26BDFF94-B389-48EF-A6E1-74ED24E49894}.Release|Any CPU.ActiveCfg = Release|Any CPU
	EndGlobalSection
	GlobalSection(SolutionProperties) = preSolution
		HideSolutionNode = FALSE
	EndGlobalSection
	GlobalSection(ExtensibilityGlobals) = postSolution
		SolutionGuid = {5D21191A-AE9A-4D6A-AFCF-842F0C7CC8E0}
	EndGlobalSection
EndGlobal
