
Microsoft Visual Studio Solution File, Format Version 12.00
# Visual Studio Version 17
VisualStudioVersion = 17.3.32922.545
MinimumVisualStudioVersion = 10.0.40219.1
Project("{2150E333-8FDC-42A3-9474-1A3956D46DE8}") = "Solution Items", "Solution Items", "{CA6BE768-B7C8-4E77-863E-7480533996D8}"
EndProject
Project("{FAE04EC0-301F-11D3-BF4B-00C04F79EFBC}") = "Ex1", "Ex1\Ex1.csproj", "{F184CB53-8713-4F24-9C81-8FF8FBCA14C5}"
EndProject
Project("{FAE04EC0-301F-11D3-BF4B-00C04F79EFBC}") = "Ex2", "Ex2\Ex2.csproj", "{1740A33D-C559-41AA-9018-82F9E77B2120}"
EndProject
Project("{FAE04EC0-301F-11D3-BF4B-00C04F79EFBC}") = "Ex3", "Ex3\Ex3.csproj", "{77224C76-B456-400D-AA4A-0042502A2919}"
EndProject
Project("{FAE04EC0-301F-11D3-BF4B-00C04F79EFBC}") = "Ex4", "Ex4\Ex4.csproj", "{56802978-C4F7-4DFF-A295-C97B298E4FB0}"
EndProject
Project("{FAE04EC0-301F-11D3-BF4B-00C04F79EFBC}") = "Ex5", "Ex5\Ex5.csproj", "{41AFF3B5-7225-4EAC-B78A-2CD213296AD0}"
EndProject
Project("{FAE04EC0-301F-11D3-BF4B-00C04F79EFBC}") = "Ex6", "Ex6\Ex6.csproj", "{87CC7C77-8B73-4724-BF40-7C8356F1EAFE}"
EndProject
Project("{FAE04EC0-301F-11D3-BF4B-00C04F79EFBC}") = "Ex7", "Ex7\Ex7.csproj", "{DF5A15C6-F20D-49C2-8E55-8E1A0C9D25BD}"
EndProject
Project("{FAE04EC0-301F-11D3-BF4B-00C04F79EFBC}") = "Ex8", "Ex8\Ex8.csproj", "{D40807FD-DCE2-4C44-860C-F9E4C1360D78}"
EndProject
Project("{FAE04EC0-301F-11D3-BF4B-00C04F79EFBC}") = "Ex9", "Ex9\Ex9.csproj", "{A0E12C3C-B439-44AC-B8FA-63AAE8264C72}"
EndProject
Project("{FAE04EC0-301F-11D3-BF4B-00C04F79EFBC}") = "Ex10", "Ex10\Ex10.csproj", "{156301A4-F92C-4D67-A00C-2AAB16FA031B}"
EndProject
Project("{FAE04EC0-301F-11D3-BF4B-00C04F79EFBC}") = "Ex11", "Ex11\Ex11.csproj", "{429DBE5F-D978-49CE-AC7B-000EB1380B92}"
EndProject
Project("{FAE04EC0-301F-11D3-BF4B-00C04F79EFBC}") = "Ex12", "Ex12\Ex12.csproj", "{7340181E-0CA4-4C39-8F67-1236862D9328}"
EndProject
Project("{FAE04EC0-301F-11D3-BF4B-00C04F79EFBC}") = "Ex13", "Ex13\Ex13.csproj", "{CD411BD6-B96D-4CC2-A93A-5B576E68ACFA}"
EndProject
Project("{FAE04EC0-301F-11D3-BF4B-00C04F79EFBC}") = "Ex14", "Ex14\Ex14.csproj", "{517E86BD-72BA-4355-B851-9DE55F7F15B0}"
EndProject
Project("{FAE04EC0-301F-11D3-BF4B-00C04F79EFBC}") = "Practise", "Practise\Practise.csproj", "{EB4CF8C7-DD02-4EA2-BB1E-51BBC7BE7B54}"
EndProject
Project("{FAE04EC0-301F-11D3-BF4B-00C04F79EFBC}") = "Ex15", "Ex15\Ex15.csproj", "{B5F95703-11A9-43E9-B4D1-8C48E13F50D8}"
EndProject
Project("{FAE04EC0-301F-11D3-BF4B-00C04F79EFBC}") = "PractiseAgain", "PractiseAgain\PractiseAgain.csproj", "{66E0116C-28D1-42CC-8C2E-D40BBF166656}"
EndProject
Project("{FAE04EC0-301F-11D3-BF4B-00C04F79EFBC}") = "Ex16", "Ex16\Ex16.csproj", "{1EE17467-AC0E-4A35-BD11-E66F5C13136F}"
EndProject
Project("{FAE04EC0-301F-11D3-BF4B-00C04F79EFBC}") = "Ex17", "Ex17\Ex17.csproj", "{91E8FAA7-6BBD-4926-94EA-A252C876E1C4}"
EndProject
Global
	GlobalSection(SolutionConfigurationPlatforms) = preSolution
		Debug|Any CPU = Debug|Any CPU
		Release|Any CPU = Release|Any CPU
	EndGlobalSection
	GlobalSection(ProjectConfigurationPlatforms) = postSolution
		{F184CB53-8713-4F24-9C81-8FF8FBCA14C5}.Debug|Any CPU.ActiveCfg = Debug|Any CPU
		{F184CB53-8713-4F24-9C81-8FF8FBCA14C5}.Debug|Any CPU.Build.0 = Debug|Any CPU
		{F184CB53-8713-4F24-9C81-8FF8FBCA14C5}.Release|Any CPU.ActiveCfg = Release|Any CPU
		{F184CB53-8713-4F24-9C81-8FF8FBCA14C5}.Release|Any CPU.Build.0 = Release|Any CPU
		{1740A33D-C559-41AA-9018-82F9E77B2120}.Debug|Any CPU.ActiveCfg = Debug|Any CPU
		{1740A33D-C559-41AA-9018-82F9E77B2120}.Debug|Any CPU.Build.0 = Debug|Any CPU
		{1740A33D-C559-41AA-9018-82F9E77B2120}.Release|Any CPU.ActiveCfg = Release|Any CPU
		{1740A33D-C559-41AA-9018-82F9E77B2120}.Release|Any CPU.Build.0 = Release|Any CPU
		{77224C76-B456-400D-AA4A-0042502A2919}.Debug|Any CPU.ActiveCfg = Debug|Any CPU
		{77224C76-B456-400D-AA4A-0042502A2919}.Debug|Any CPU.Build.0 = Debug|Any CPU
		{77224C76-B456-400D-AA4A-0042502A2919}.Release|Any CPU.ActiveCfg = Release|Any CPU
		{77224C76-B456-400D-AA4A-0042502A2919}.Release|Any CPU.Build.0 = Release|Any CPU
		{56802978-C4F7-4DFF-A295-C97B298E4FB0}.Debug|Any CPU.ActiveCfg = Debug|Any CPU
		{56802978-C4F7-4DFF-A295-C97B298E4FB0}.Debug|Any CPU.Build.0 = Debug|Any CPU
		{56802978-C4F7-4DFF-A295-C97B298E4FB0}.Release|Any CPU.ActiveCfg = Release|Any CPU
		{56802978-C4F7-4DFF-A295-C97B298E4FB0}.Release|Any CPU.Build.0 = Release|Any CPU
		{41AFF3B5-7225-4EAC-B78A-2CD213296AD0}.Debug|Any CPU.ActiveCfg = Debug|Any CPU
		{41AFF3B5-7225-4EAC-B78A-2CD213296AD0}.Debug|Any CPU.Build.0 = Debug|Any CPU
		{41AFF3B5-7225-4EAC-B78A-2CD213296AD0}.Release|Any CPU.ActiveCfg = Release|Any CPU
		{41AFF3B5-7225-4EAC-B78A-2CD213296AD0}.Release|Any CPU.Build.0 = Release|Any CPU
		{87CC7C77-8B73-4724-BF40-7C8356F1EAFE}.Debug|Any CPU.ActiveCfg = Debug|Any CPU
		{87CC7C77-8B73-4724-BF40-7C8356F1EAFE}.Debug|Any CPU.Build.0 = Debug|Any CPU
		{87CC7C77-8B73-4724-BF40-7C8356F1EAFE}.Release|Any CPU.ActiveCfg = Release|Any CPU
		{87CC7C77-8B73-4724-BF40-7C8356F1EAFE}.Release|Any CPU.Build.0 = Release|Any CPU
		{DF5A15C6-F20D-49C2-8E55-8E1A0C9D25BD}.Debug|Any CPU.ActiveCfg = Debug|Any CPU
		{DF5A15C6-F20D-49C2-8E55-8E1A0C9D25BD}.Debug|Any CPU.Build.0 = Debug|Any CPU
		{DF5A15C6-F20D-49C2-8E55-8E1A0C9D25BD}.Release|Any CPU.ActiveCfg = Release|Any CPU
		{DF5A15C6-F20D-49C2-8E55-8E1A0C9D25BD}.Release|Any CPU.Build.0 = Release|Any CPU
		{D40807FD-DCE2-4C44-860C-F9E4C1360D78}.Debug|Any CPU.ActiveCfg = Debug|Any CPU
		{D40807FD-DCE2-4C44-860C-F9E4C1360D78}.Debug|Any CPU.Build.0 = Debug|Any CPU
		{D40807FD-DCE2-4C44-860C-F9E4C1360D78}.Release|Any CPU.ActiveCfg = Release|Any CPU
		{D40807FD-DCE2-4C44-860C-F9E4C1360D78}.Release|Any CPU.Build.0 = Release|Any CPU
		{A0E12C3C-B439-44AC-B8FA-63AAE8264C72}.Debug|Any CPU.ActiveCfg = Debug|Any CPU
		{A0E12C3C-B439-44AC-B8FA-63AAE8264C72}.Debug|Any CPU.Build.0 = Debug|Any CPU
		{A0E12C3C-B439-44AC-B8FA-63AAE8264C72}.Release|Any CPU.ActiveCfg = Release|Any CPU
		{A0E12C3C-B439-44AC-B8FA-63AAE8264C72}.Release|Any CPU.Build.0 = Release|Any CPU
		{156301A4-F92C-4D67-A00C-2AAB16FA031B}.Debug|Any CPU.ActiveCfg = Debug|Any CPU
		{156301A4-F92C-4D67-A00C-2AAB16FA031B}.Debug|Any CPU.Build.0 = Debug|Any CPU
		{156301A4-F92C-4D67-A00C-2AAB16FA031B}.Release|Any CPU.ActiveCfg = Release|Any CPU
		{156301A4-F92C-4D67-A00C-2AAB16FA031B}.Release|Any CPU.Build.0 = Release|Any CPU
		{429DBE5F-D978-49CE-AC7B-000EB1380B92}.Debug|Any CPU.ActiveCfg = Debug|Any CPU
		{429DBE5F-D978-49CE-AC7B-000EB1380B92}.Debug|Any CPU.Build.0 = Debug|Any CPU
		{429DBE5F-D978-49CE-AC7B-000EB1380B92}.Release|Any CPU.ActiveCfg = Release|Any CPU
		{429DBE5F-D978-49CE-AC7B-000EB1380B92}.Release|Any CPU.Build.0 = Release|Any CPU
		{7340181E-0CA4-4C39-8F67-1236862D9328}.Debug|Any CPU.ActiveCfg = Debug|Any CPU
		{7340181E-0CA4-4C39-8F67-1236862D9328}.Debug|Any CPU.Build.0 = Debug|Any CPU
		{7340181E-0CA4-4C39-8F67-1236862D9328}.Release|Any CPU.ActiveCfg = Release|Any CPU
		{7340181E-0CA4-4C39-8F67-1236862D9328}.Release|Any CPU.Build.0 = Release|Any CPU
		{CD411BD6-B96D-4CC2-A93A-5B576E68ACFA}.Debug|Any CPU.ActiveCfg = Debug|Any CPU
		{CD411BD6-B96D-4CC2-A93A-5B576E68ACFA}.Debug|Any CPU.Build.0 = Debug|Any CPU
		{CD411BD6-B96D-4CC2-A93A-5B576E68ACFA}.Release|Any CPU.ActiveCfg = Release|Any CPU
		{CD411BD6-B96D-4CC2-A93A-5B576E68ACFA}.Release|Any CPU.Build.0 = Release|Any CPU
		{517E86BD-72BA-4355-B851-9DE55F7F15B0}.Debug|Any CPU.ActiveCfg = Debug|Any CPU
		{517E86BD-72BA-4355-B851-9DE55F7F15B0}.Debug|Any CPU.Build.0 = Debug|Any CPU
		{517E86BD-72BA-4355-B851-9DE55F7F15B0}.Release|Any CPU.ActiveCfg = Release|Any CPU
		{517E86BD-72BA-4355-B851-9DE55F7F15B0}.Release|Any CPU.Build.0 = Release|Any CPU
		{EB4CF8C7-DD02-4EA2-BB1E-51BBC7BE7B54}.Debug|Any CPU.ActiveCfg = Debug|Any CPU
		{EB4CF8C7-DD02-4EA2-BB1E-51BBC7BE7B54}.Debug|Any CPU.Build.0 = Debug|Any CPU
		{EB4CF8C7-DD02-4EA2-BB1E-51BBC7BE7B54}.Release|Any CPU.ActiveCfg = Release|Any CPU
		{EB4CF8C7-DD02-4EA2-BB1E-51BBC7BE7B54}.Release|Any CPU.Build.0 = Release|Any CPU
		{B5F95703-11A9-43E9-B4D1-8C48E13F50D8}.Debug|Any CPU.ActiveCfg = Debug|Any CPU
		{B5F95703-11A9-43E9-B4D1-8C48E13F50D8}.Debug|Any CPU.Build.0 = Debug|Any CPU
		{B5F95703-11A9-43E9-B4D1-8C48E13F50D8}.Release|Any CPU.ActiveCfg = Release|Any CPU
		{B5F95703-11A9-43E9-B4D1-8C48E13F50D8}.Release|Any CPU.Build.0 = Release|Any CPU
		{66E0116C-28D1-42CC-8C2E-D40BBF166656}.Debug|Any CPU.ActiveCfg = Debug|Any CPU
		{66E0116C-28D1-42CC-8C2E-D40BBF166656}.Debug|Any CPU.Build.0 = Debug|Any CPU
		{66E0116C-28D1-42CC-8C2E-D40BBF166656}.Release|Any CPU.ActiveCfg = Release|Any CPU
		{66E0116C-28D1-42CC-8C2E-D40BBF166656}.Release|Any CPU.Build.0 = Release|Any CPU
		{1EE17467-AC0E-4A35-BD11-E66F5C13136F}.Debug|Any CPU.ActiveCfg = Debug|Any CPU
		{1EE17467-AC0E-4A35-BD11-E66F5C13136F}.Debug|Any CPU.Build.0 = Debug|Any CPU
		{1EE17467-AC0E-4A35-BD11-E66F5C13136F}.Release|Any CPU.ActiveCfg = Release|Any CPU
		{1EE17467-AC0E-4A35-BD11-E66F5C13136F}.Release|Any CPU.Build.0 = Release|Any CPU
		{91E8FAA7-6BBD-4926-94EA-A252C876E1C4}.Debug|Any CPU.ActiveCfg = Debug|Any CPU
		{91E8FAA7-6BBD-4926-94EA-A252C876E1C4}.Debug|Any CPU.Build.0 = Debug|Any CPU
		{91E8FAA7-6BBD-4926-94EA-A252C876E1C4}.Release|Any CPU.ActiveCfg = Release|Any CPU
		{91E8FAA7-6BBD-4926-94EA-A252C876E1C4}.Release|Any CPU.Build.0 = Release|Any CPU
	EndGlobalSection
	GlobalSection(SolutionProperties) = preSolution
		HideSolutionNode = FALSE
	EndGlobalSection
	GlobalSection(NestedProjects) = preSolution
		{F184CB53-8713-4F24-9C81-8FF8FBCA14C5} = {CA6BE768-B7C8-4E77-863E-7480533996D8}
		{1740A33D-C559-41AA-9018-82F9E77B2120} = {CA6BE768-B7C8-4E77-863E-7480533996D8}
		{77224C76-B456-400D-AA4A-0042502A2919} = {CA6BE768-B7C8-4E77-863E-7480533996D8}
		{56802978-C4F7-4DFF-A295-C97B298E4FB0} = {CA6BE768-B7C8-4E77-863E-7480533996D8}
		{41AFF3B5-7225-4EAC-B78A-2CD213296AD0} = {CA6BE768-B7C8-4E77-863E-7480533996D8}
		{87CC7C77-8B73-4724-BF40-7C8356F1EAFE} = {CA6BE768-B7C8-4E77-863E-7480533996D8}
		{DF5A15C6-F20D-49C2-8E55-8E1A0C9D25BD} = {CA6BE768-B7C8-4E77-863E-7480533996D8}
		{D40807FD-DCE2-4C44-860C-F9E4C1360D78} = {CA6BE768-B7C8-4E77-863E-7480533996D8}
		{A0E12C3C-B439-44AC-B8FA-63AAE8264C72} = {CA6BE768-B7C8-4E77-863E-7480533996D8}
		{156301A4-F92C-4D67-A00C-2AAB16FA031B} = {CA6BE768-B7C8-4E77-863E-7480533996D8}
		{429DBE5F-D978-49CE-AC7B-000EB1380B92} = {CA6BE768-B7C8-4E77-863E-7480533996D8}
		{7340181E-0CA4-4C39-8F67-1236862D9328} = {CA6BE768-B7C8-4E77-863E-7480533996D8}
		{CD411BD6-B96D-4CC2-A93A-5B576E68ACFA} = {CA6BE768-B7C8-4E77-863E-7480533996D8}
		{517E86BD-72BA-4355-B851-9DE55F7F15B0} = {CA6BE768-B7C8-4E77-863E-7480533996D8}
		{EB4CF8C7-DD02-4EA2-BB1E-51BBC7BE7B54} = {CA6BE768-B7C8-4E77-863E-7480533996D8}
		{B5F95703-11A9-43E9-B4D1-8C48E13F50D8} = {CA6BE768-B7C8-4E77-863E-7480533996D8}
		{1EE17467-AC0E-4A35-BD11-E66F5C13136F} = {CA6BE768-B7C8-4E77-863E-7480533996D8}
		{91E8FAA7-6BBD-4926-94EA-A252C876E1C4} = {CA6BE768-B7C8-4E77-863E-7480533996D8}
	EndGlobalSection
	GlobalSection(ExtensibilityGlobals) = postSolution
		SolutionGuid = {B7C7F479-A591-4F34-8E03-398A05B33E7A}
	EndGlobalSection
EndGlobal
