
Microsoft Visual Studio Solution File, Format Version 12.00
# Visual Studio Version 17
VisualStudioVersion = 17.3.32922.545
MinimumVisualStudioVersion = 10.0.40219.1
Project("{2150E333-8FDC-42A3-9474-1A3956D46DE8}") = "Solution Items", "Solution Items", "{CA6BE768-B7C8-4E77-863E-7480533996D8}"
EndProject
Project("{FAE04EC0-301F-11D3-BF4B-00C04F79EFBC}") = "Ex1", "Ex1\Ex1.csproj", "{F184CB53-8713-4F24-9C81-8FF8FBCA14C5}"
EndProject
Project("{FAE04EC0-301F-11D3-BF4B-00C04F79EFBC}") = "Ex2", "Ex2\Ex2.csproj", "{1740A33D-C559-41AA-9018-82F9E77B2120}"
EndProject
Project("{FAE04EC0-301F-11D3-BF4B-00C04F79EFBC}") = "Ex3", "Ex3\Ex3.csproj", "{77224C76-B456-400D-AA4A-0042502A2919}"
EndProject
Project("{FAE04EC0-301F-11D3-BF4B-00C04F79EFBC}") = "Ex4", "Ex4\Ex4.csproj", "{56802978-C4F7-4DFF-A295-C97B298E4FB0}"
EndProject
Project("{FAE04EC0-301F-11D3-BF4B-00C04F79EFBC}") = "Ex5", "Ex5\Ex5.csproj", "{41AFF3B5-7225-4EAC-B78A-2CD213296AD0}"
EndProject
Project("{FAE04EC0-301F-11D3-BF4B-00C04F79EFBC}") = "Ex6", "Ex6\Ex6.csproj", "{87CC7C77-8B73-4724-BF40-7C8356F1EAFE}"
EndProject
Global
	GlobalSection(SolutionConfigurationPlatforms) = preSolution
		Debug|Any CPU = Debug|Any CPU
		Release|Any CPU = Release|Any CPU
	EndGlobalSection
	GlobalSection(ProjectConfigurationPlatforms) = postSolution
		{F184CB53-8713-4F24-9C81-8FF8FBCA14C5}.Debug|Any CPU.ActiveCfg = Debug|Any CPU
		{F184CB53-8713-4F24-9C81-8FF8FBCA14C5}.Debug|Any CPU.Build.0 = Debug|Any CPU
		{F184CB53-8713-4F24-9C81-8FF8FBCA14C5}.Release|Any CPU.ActiveCfg = Release|Any CPU
		{F184CB53-8713-4F24-9C81-8FF8FBCA14C5}.Release|Any CPU.Build.0 = Release|Any CPU
		{1740A33D-C559-41AA-9018-82F9E77B2120}.Debug|Any CPU.ActiveCfg = Debug|Any CPU
		{1740A33D-C559-41AA-9018-82F9E77B2120}.Debug|Any CPU.Build.0 = Debug|Any CPU
		{1740A33D-C559-41AA-9018-82F9E77B2120}.Release|Any CPU.ActiveCfg = Release|Any CPU
		{1740A33D-C559-41AA-9018-82F9E77B2120}.Release|Any CPU.Build.0 = Release|Any CPU
		{77224C76-B456-400D-AA4A-0042502A2919}.Debug|Any CPU.ActiveCfg = Debug|Any CPU
		{77224C76-B456-400D-AA4A-0042502A2919}.Debug|Any CPU.Build.0 = Debug|Any CPU
		{77224C76-B456-400D-AA4A-0042502A2919}.Release|Any CPU.ActiveCfg = Release|Any CPU
		{77224C76-B456-400D-AA4A-0042502A2919}.Release|Any CPU.Build.0 = Release|Any CPU
		{56802978-C4F7-4DFF-A295-C97B298E4FB0}.Debug|Any CPU.ActiveCfg = Debug|Any CPU
		{56802978-C4F7-4DFF-A295-C97B298E4FB0}.Debug|Any CPU.Build.0 = Debug|Any CPU
		{56802978-C4F7-4DFF-A295-C97B298E4FB0}.Release|Any CPU.ActiveCfg = Release|Any CPU
		{56802978-C4F7-4DFF-A295-C97B298E4FB0}.Release|Any CPU.Build.0 = Release|Any CPU
		{41AFF3B5-7225-4EAC-B78A-2CD213296AD0}.Debug|Any CPU.ActiveCfg = Debug|Any CPU
		{41AFF3B5-7225-4EAC-B78A-2CD213296AD0}.Debug|Any CPU.Build.0 = Debug|Any CPU
		{41AFF3B5-7225-4EAC-B78A-2CD213296AD0}.Release|Any CPU.ActiveCfg = Release|Any CPU
		{41AFF3B5-7225-4EAC-B78A-2CD213296AD0}.Release|Any CPU.Build.0 = Release|Any CPU
		{87CC7C77-8B73-4724-BF40-7C8356F1EAFE}.Debug|Any CPU.ActiveCfg = Debug|Any CPU
		{87CC7C77-8B73-4724-BF40-7C8356F1EAFE}.Debug|Any CPU.Build.0 = Debug|Any CPU
		{87CC7C77-8B73-4724-BF40-7C8356F1EAFE}.Release|Any CPU.ActiveCfg = Release|Any CPU
		{87CC7C77-8B73-4724-BF40-7C8356F1EAFE}.Release|Any CPU.Build.0 = Release|Any CPU
	EndGlobalSection
	GlobalSection(SolutionProperties) = preSolution
		HideSolutionNode = FALSE
	EndGlobalSection
	GlobalSection(NestedProjects) = preSolution
		{F184CB53-8713-4F24-9C81-8FF8FBCA14C5} = {CA6BE768-B7C8-4E77-863E-7480533996D8}
		{1740A33D-C559-41AA-9018-82F9E77B2120} = {CA6BE768-B7C8-4E77-863E-7480533996D8}
		{77224C76-B456-400D-AA4A-0042502A2919} = {CA6BE768-B7C8-4E77-863E-7480533996D8}
		{56802978-C4F7-4DFF-A295-C97B298E4FB0} = {CA6BE768-B7C8-4E77-863E-7480533996D8}
		{41AFF3B5-7225-4EAC-B78A-2CD213296AD0} = {CA6BE768-B7C8-4E77-863E-7480533996D8}
		{87CC7C77-8B73-4724-BF40-7C8356F1EAFE} = {CA6BE768-B7C8-4E77-863E-7480533996D8}
	EndGlobalSection
	GlobalSection(ExtensibilityGlobals) = postSolution
		SolutionGuid = {B7C7F479-A591-4F34-8E03-398A05B33E7A}
	EndGlobalSection
EndGlobal
