
Microsoft Visual Studio Solution File, Format Version 12.00
# Visual Studio Version 17
VisualStudioVersion = 17.5.33414.496
MinimumVisualStudioVersion = 10.0.40219.1
Project("{FAE04EC0-301F-11D3-BF4B-00C04F79EFBC}") = "Project_Data_Structure_Application", "Project_Data_Structure_Application\Project_Data_Structure_Application.csproj", "{1A87D00C-CE27-42AD-A885-71FF56664C13}"
EndProject
Project("{FAE04EC0-301F-11D3-BF4B-00C04F79EFBC}") = "Illustrate The Binary Tree", "Illustrate The Binary Tree\Illustrate The Binary Tree.csproj", "{7BC5B403-0750-4380-B3FB-906FD59680FD}"
EndProject
Global
	GlobalSection(SolutionConfigurationPlatforms) = preSolution
		Debug|Any CPU = Debug|Any CPU
		Release|Any CPU = Release|Any CPU
	EndGlobalSection
	GlobalSection(ProjectConfigurationPlatforms) = postSolution
		{1A87D00C-CE27-42AD-A885-71FF56664C13}.Debug|Any CPU.ActiveCfg = Debug|Any CPU
		{1A87D00C-CE27-42AD-A885-71FF56664C13}.Debug|Any CPU.Build.0 = Debug|Any CPU
		{1A87D00C-CE27-42AD-A885-71FF56664C13}.Release|Any CPU.ActiveCfg = Release|Any CPU
		{1A87D00C-CE27-42AD-A885-71FF56664C13}.Release|Any CPU.Build.0 = Release|Any CPU
		{7BC5B403-0750-4380-B3FB-906FD59680FD}.Debug|Any CPU.ActiveCfg = Debug|Any CPU
		{7BC5B403-0750-4380-B3FB-906FD59680FD}.Debug|Any CPU.Build.0 = Debug|Any CPU
		{7BC5B403-0750-4380-B3FB-906FD59680FD}.Release|Any CPU.ActiveCfg = Release|Any CPU
		{7BC5B403-0750-4380-B3FB-906FD59680FD}.Release|Any CPU.Build.0 = Release|Any CPU
	EndGlobalSection
	GlobalSection(SolutionProperties) = preSolution
		HideSolutionNode = FALSE
	EndGlobalSection
	GlobalSection(ExtensibilityGlobals) = postSolution
		SolutionGuid = {5CE4CC77-0F27-4432-906C-ED08BD9D3825}
	EndGlobalSection
EndGlobal
