
Microsoft Visual Studio Solution File, Format Version 12.00
# Visual Studio Version 17
VisualStudioVersion = 17.5.33414.496
MinimumVisualStudioVersion = 10.0.40219.1
Project("{FAE04EC0-301F-11D3-BF4B-00C04F79EFBC}") = "Project_Data_Structure_Application", "Project_Data_Structure_Application\Project_Data_Structure_Application.csproj", "{1A87D00C-CE27-42AD-A885-71FF56664C13}"
EndProject
Project("{888888A0-9F3D-457C-B088-3A5042F75D52}") = "Illustate the Binary Tree", "Illustate the Binary Tree\Illustate the Binary Tree.pyproj", "{156C6662-45B4-4A1B-80E8-8760A3D44830}"
EndProject
Global
	GlobalSection(SolutionConfigurationPlatforms) = preSolution
		Debug|Any CPU = Debug|Any CPU
		Release|Any CPU = Release|Any CPU
	EndGlobalSection
	GlobalSection(ProjectConfigurationPlatforms) = postSolution
		{1A87D00C-CE27-42AD-A885-71FF56664C13}.Debug|Any CPU.ActiveCfg = Debug|Any CPU
		{1A87D00C-CE27-42AD-A885-71FF56664C13}.Debug|Any CPU.Build.0 = Debug|Any CPU
		{1A87D00C-CE27-42AD-A885-71FF56664C13}.Release|Any CPU.ActiveCfg = Release|Any CPU
		{1A87D00C-CE27-42AD-A885-71FF56664C13}.Release|Any CPU.Build.0 = Release|Any CPU
		{156C6662-45B4-4A1B-80E8-8760A3D44830}.Debug|Any CPU.ActiveCfg = Debug|Any CPU
		{156C6662-45B4-4A1B-80E8-8760A3D44830}.Release|Any CPU.ActiveCfg = Release|Any CPU
	EndGlobalSection
	GlobalSection(SolutionProperties) = preSolution
		HideSolutionNode = FALSE
	EndGlobalSection
	GlobalSection(ExtensibilityGlobals) = postSolution
		SolutionGuid = {5CE4CC77-0F27-4432-906C-ED08BD9D3825}
	EndGlobalSection
EndGlobal
