
Microsoft Visual Studio Solution File, Format Version 12.00
# Visual Studio Version 17
VisualStudioVersion = 17.7.34024.191
MinimumVisualStudioVersion = 10.0.40219.1
Project("{FAE04EC0-301F-11D3-BF4B-00C04F79EFBC}") = "RestoClerkInventory", "RestoClerkInventory\RestoClerkInventory.csproj", "{1884C39F-3A57-48E4-86DB-87567AB93185}"
EndProject
Global
	GlobalSection(SolutionConfigurationPlatforms) = preSolution
		Debug|Any CPU = Debug|Any CPU
		Release|Any CPU = Release|Any CPU
	EndGlobalSection
	GlobalSection(ProjectConfigurationPlatforms) = postSolution
		{1884C39F-3A57-48E4-86DB-87567AB93185}.Debug|Any CPU.ActiveCfg = Debug|Any CPU
		{1884C39F-3A57-48E4-86DB-87567AB93185}.Debug|Any CPU.Build.0 = Debug|Any CPU
		{1884C39F-3A57-48E4-86DB-87567AB93185}.Release|Any CPU.ActiveCfg = Release|Any CPU
		{1884C39F-3A57-48E4-86DB-87567AB93185}.Release|Any CPU.Build.0 = Release|Any CPU
	EndGlobalSection
	GlobalSection(SolutionProperties) = preSolution
		HideSolutionNode = FALSE
	EndGlobalSection
	GlobalSection(ExtensibilityGlobals) = postSolution
		SolutionGuid = {52A752E2-887A-44DD-87A7-1ED25D1439BE}
	EndGlobalSection
EndGlobal
