
Microsoft Visual Studio Solution File, Format Version 12.00
# Visual Studio Version 17
VisualStudioVersion = 17.3.32922.545
MinimumVisualStudioVersion = 10.0.40219.1
Project("{888888A0-9F3D-457C-B088-3A5042F75D52}") = "A6_202130169", "A6_202130169\A6_202130169.pyproj", "{D8BEBE49-535C-4199-B2BC-E9B11587EB26}"
EndProject
Global
	GlobalSection(SolutionConfigurationPlatforms) = preSolution
		Debug|Any CPU = Debug|Any CPU
		Release|Any CPU = Release|Any CPU
	EndGlobalSection
	GlobalSection(ProjectConfigurationPlatforms) = postSolution
		{D8BEBE49-535C-4199-B2BC-E9B11587EB26}.Debug|Any CPU.ActiveCfg = Debug|Any CPU
		{D8BEBE49-535C-4199-B2BC-E9B11587EB26}.Release|Any CPU.ActiveCfg = Release|Any CPU
	EndGlobalSection
	GlobalSection(SolutionProperties) = preSolution
		HideSolutionNode = FALSE
	EndGlobalSection
	GlobalSection(ExtensibilityGlobals) = postSolution
		SolutionGuid = {4CA13059-49D9-49A6-9B8A-4F191E94E41A}
	EndGlobalSection
EndGlobal
